{
	"name": "CirclePurple",
	"lockfileVersion": 2,
	"requires": true,
	"packages": {
		"": {
			"dependencies": {
				"bancho.js": "^0.10.1",
				"node-fetch": "^3.2.10",
				"tmi.js": "^1.8.5"
			}
		},
		"node_modules/bancho.js": {
			"version": "0.10.1",
			"resolved": "https://registry.npmjs.org/bancho.js/-/bancho.js-0.10.1.tgz",
			"integrity": "sha512-QYDmgx3trOJ7JrMdiY1O7LOjjMdn0KBXOQrdlF5D4jWxRWAGvv8YNc7RSvGcyO3zdHa0hZ/WMbQYIN4hEAYWWg==",
			"dependencies": {
				"nodesu": "^0.7.2",
				"rate-limiter-flexible": "^2.3.12"
			},
			"engines": {
				"node": ">=8"
			},
			"peerDependencies": {
				"weak-value-map": "^1.0.1"
			},
			"peerDependenciesMeta": {
				"weak-value-map": {
					"optional": true
				}
			}
		},
		"node_modules/data-uri-to-buffer": {
			"version": "4.0.0",
			"resolved": "https://registry.npmjs.org/data-uri-to-buffer/-/data-uri-to-buffer-4.0.0.tgz",
			"integrity": "sha512-Vr3mLBA8qWmcuschSLAOogKgQ/Jwxulv3RNE4FXnYWRGujzrRWQI4m12fQqRkwX06C0KanhLr4hK+GydchZsaA==",
			"engines": {
				"node": ">= 12"
			}
		},
		"node_modules/fetch-blob": {
			"version": "3.2.0",
			"resolved": "https://registry.npmjs.org/fetch-blob/-/fetch-blob-3.2.0.tgz",
			"integrity": "sha512-7yAQpD2UMJzLi1Dqv7qFYnPbaPx7ZfFK6PiIxQ4PfkGPyNyl2Ugx+a/umUonmKqjhM4DnfbMvdX6otXq83soQQ==",
			"funding": [
				{
					"type": "github",
					"url": "https://github.com/sponsors/jimmywarting"
				},
				{
					"type": "paypal",
					"url": "https://paypal.me/jimmywarting"
				}
			],
			"dependencies": {
				"node-domexception": "^1.0.0",
				"web-streams-polyfill": "^3.0.3"
			},
			"engines": {
				"node": "^12.20 || >= 14.13"
			}
		},
		"node_modules/formdata-polyfill": {
			"version": "4.0.10",
			"resolved": "https://registry.npmjs.org/formdata-polyfill/-/formdata-polyfill-4.0.10.tgz",
			"integrity": "sha512-buewHzMvYL29jdeQTVILecSaZKnt/RJWjoZCF5OW60Z67/GmSLBkOFM7qh1PI3zFNtJbaZL5eQu1vLfazOwj4g==",
			"dependencies": {
				"fetch-blob": "^3.1.2"
			},
			"engines": {
				"node": ">=12.20.0"
			}
		},
		"node_modules/limiter": {
			"version": "1.1.5",
			"resolved": "https://registry.npmjs.org/limiter/-/limiter-1.1.5.tgz",
			"integrity": "sha512-FWWMIEOxz3GwUI4Ts/IvgVy6LPvoMPgjMdQ185nN6psJyBJ4yOpzqm695/h5umdLJg2vW3GR5iG11MAkR2AzJA=="
		},
		"node_modules/node-domexception": {
			"version": "1.0.0",
			"resolved": "https://registry.npmjs.org/node-domexception/-/node-domexception-1.0.0.tgz",
			"integrity": "sha512-/jKZoMpw0F8GRwl4/eLROPA3cfcXtLApP0QzLmUT/HuPCZWyB7IY9ZrMeKw2O/nFIqPQB3PVM9aYm0F312AXDQ==",
			"funding": [
				{
					"type": "github",
					"url": "https://github.com/sponsors/jimmywarting"
				},
				{
					"type": "github",
					"url": "https://paypal.me/jimmywarting"
				}
			],
			"engines": {
				"node": ">=10.5.0"
			}
		},
		"node_modules/node-fetch": {
			"version": "3.2.10",
			"resolved": "https://registry.npmjs.org/node-fetch/-/node-fetch-3.2.10.tgz",
			"integrity": "sha512-MhuzNwdURnZ1Cp4XTazr69K0BTizsBroX7Zx3UgDSVcZYKF/6p0CBe4EUb/hLqmzVhl0UpYfgRljQ4yxE+iCxA==",
			"dependencies": {
				"data-uri-to-buffer": "^4.0.0",
				"fetch-blob": "^3.1.4",
				"formdata-polyfill": "^4.0.10"
			},
			"engines": {
				"node": "^12.20.0 || ^14.13.1 || >=16.0.0"
			},
			"funding": {
				"type": "opencollective",
				"url": "https://opencollective.com/node-fetch"
			}
		},
		"node_modules/nodesu": {
			"version": "0.7.3",
			"resolved": "https://registry.npmjs.org/nodesu/-/nodesu-0.7.3.tgz",
			"integrity": "sha512-RTHkaRyt+alXkzp8TDH1r4dtkp38jeqFyGgFBCT6uSqcGIOUdh7EqghwN1PrcGVqTjPPjWUCnqoNay+JOMw3bg==",
			"dependencies": {
				"limiter": "^1.1.0"
			},
			"engines": {
				"node": ">=4.0.0"
			}
		},
		"node_modules/rate-limiter-flexible": {
			"version": "2.4.1",
			"resolved": "https://registry.npmjs.org/rate-limiter-flexible/-/rate-limiter-flexible-2.4.1.tgz",
			"integrity": "sha512-dgH4T44TzKVO9CLArNto62hJOwlWJMLUjVVr/ii0uUzZXEXthDNr7/yefW5z/1vvHAfycc1tnuiYyNJ8CTRB3g=="
		},
		"node_modules/tmi.js": {
			"version": "1.8.5",
			"resolved": "https://registry.npmjs.org/tmi.js/-/tmi.js-1.8.5.tgz",
			"integrity": "sha512-A9qrydfe1e0VWM9MViVhhxVgvLpnk7pFShVUWePsSTtoi+A1X+Zjdoa7OJd7/YsgHXGj3GkNEvnWop/1WwZuew==",
			"dependencies": {
				"node-fetch": "^2.6.1",
				"ws": "^8.2.0"
			},
			"engines": {
				"node": ">=10.0.0"
			}
		},
		"node_modules/tmi.js/node_modules/node-fetch": {
			"version": "2.6.7",
			"resolved": "https://registry.npmjs.org/node-fetch/-/node-fetch-2.6.7.tgz",
			"integrity": "sha512-ZjMPFEfVx5j+y2yF35Kzx5sF7kDzxuDj6ziH4FFbOp87zKDZNx8yExJIb05OGF4Nlt9IHFIMBkRl41VdvcNdbQ==",
			"dependencies": {
				"whatwg-url": "^5.0.0"
			},
			"engines": {
				"node": "4.x || >=6.0.0"
			},
			"peerDependencies": {
				"encoding": "^0.1.0"
			},
			"peerDependenciesMeta": {
				"encoding": {
					"optional": true
				}
			}
		},
		"node_modules/tr46": {
			"version": "0.0.3",
			"resolved": "https://registry.npmjs.org/tr46/-/tr46-0.0.3.tgz",
			"integrity": "sha512-N3WMsuqV66lT30CrXNbEjx4GEwlow3v6rr4mCcv6prnfwhS01rkgyFdjPNBYd9br7LpXV1+Emh01fHnq2Gdgrw=="
		},
		"node_modules/web-streams-polyfill": {
			"version": "3.2.1",
			"resolved": "https://registry.npmjs.org/web-streams-polyfill/-/web-streams-polyfill-3.2.1.tgz",
			"integrity": "sha512-e0MO3wdXWKrLbL0DgGnUV7WHVuw9OUvL4hjgnPkIeEvESk74gAITi5G606JtZPp39cd8HA9VQzCIvA49LpPN5Q==",
			"engines": {
				"node": ">= 8"
			}
		},
		"node_modules/webidl-conversions": {
			"version": "3.0.1",
			"resolved": "https://registry.npmjs.org/webidl-conversions/-/webidl-conversions-3.0.1.tgz",
			"integrity": "sha512-2JAn3z8AR6rjK8Sm8orRC0h/bcl/DqL7tRPdGZ4I1CjdF+EaMLmYxBHyXuKL849eucPFhvBoxMsflfOb8kxaeQ=="
		},
		"node_modules/whatwg-url": {
			"version": "5.0.0",
			"resolved": "https://registry.npmjs.org/whatwg-url/-/whatwg-url-5.0.0.tgz",
			"integrity": "sha512-saE57nupxk6v3HY35+jzBwYa0rKSy0XR8JSxZPwgLr7ys0IBzhGviA1/TUGJLmSVqs8pb9AnvICXEuOHLprYTw==",
			"dependencies": {
				"tr46": "~0.0.3",
				"webidl-conversions": "^3.0.0"
			}
		},
		"node_modules/ws": {
			"version": "8.11.0",
			"resolved": "https://registry.npmjs.org/ws/-/ws-8.11.0.tgz",
			"integrity": "sha512-HPG3wQd9sNQoT9xHyNCXoDUa+Xw/VevmY9FoHyQ+g+rrMn4j6FB4np7Z0OhdTgjx6MgQLK7jwSy1YecU1+4Asg==",
			"engines": {
				"node": ">=10.0.0"
			},
			"peerDependencies": {
				"bufferutil": "^4.0.1",
				"utf-8-validate": "^5.0.2"
			},
			"peerDependenciesMeta": {
				"bufferutil": {
					"optional": true
				},
				"utf-8-validate": {
					"optional": true
				}
			}
		}
	},
	"dependencies": {
		"bancho.js": {
			"version": "0.10.1",
			"resolved": "https://registry.npmjs.org/bancho.js/-/bancho.js-0.10.1.tgz",
			"integrity": "sha512-QYDmgx3trOJ7JrMdiY1O7LOjjMdn0KBXOQrdlF5D4jWxRWAGvv8YNc7RSvGcyO3zdHa0hZ/WMbQYIN4hEAYWWg==",
			"requires": {
				"nodesu": "^0.7.2",
				"rate-limiter-flexible": "^2.3.12"
			}
		},
		"data-uri-to-buffer": {
			"version": "4.0.0",
			"resolved": "https://registry.npmjs.org/data-uri-to-buffer/-/data-uri-to-buffer-4.0.0.tgz",
			"integrity": "sha512-Vr3mLBA8qWmcuschSLAOogKgQ/Jwxulv3RNE4FXnYWRGujzrRWQI4m12fQqRkwX06C0KanhLr4hK+GydchZsaA=="
		},
		"fetch-blob": {
			"version": "3.2.0",
			"resolved": "https://registry.npmjs.org/fetch-blob/-/fetch-blob-3.2.0.tgz",
			"integrity": "sha512-7yAQpD2UMJzLi1Dqv7qFYnPbaPx7ZfFK6PiIxQ4PfkGPyNyl2Ugx+a/umUonmKqjhM4DnfbMvdX6otXq83soQQ==",
			"requires": {
				"node-domexception": "^1.0.0",
				"web-streams-polyfill": "^3.0.3"
			}
		},
		"formdata-polyfill": {
			"version": "4.0.10",
			"resolved": "https://registry.npmjs.org/formdata-polyfill/-/formdata-polyfill-4.0.10.tgz",
			"integrity": "sha512-buewHzMvYL29jdeQTVILecSaZKnt/RJWjoZCF5OW60Z67/GmSLBkOFM7qh1PI3zFNtJbaZL5eQu1vLfazOwj4g==",
			"requires": {
				"fetch-blob": "^3.1.2"
			}
		},
		"limiter": {
			"version": "1.1.5",
			"resolved": "https://registry.npmjs.org/limiter/-/limiter-1.1.5.tgz",
			"integrity": "sha512-FWWMIEOxz3GwUI4Ts/IvgVy6LPvoMPgjMdQ185nN6psJyBJ4yOpzqm695/h5umdLJg2vW3GR5iG11MAkR2AzJA=="
		},
		"node-domexception": {
			"version": "1.0.0",
			"resolved": "https://registry.npmjs.org/node-domexception/-/node-domexception-1.0.0.tgz",
			"integrity": "sha512-/jKZoMpw0F8GRwl4/eLROPA3cfcXtLApP0QzLmUT/HuPCZWyB7IY9ZrMeKw2O/nFIqPQB3PVM9aYm0F312AXDQ=="
		},
		"node-fetch": {
			"version": "3.2.10",
			"resolved": "https://registry.npmjs.org/node-fetch/-/node-fetch-3.2.10.tgz",
			"integrity": "sha512-MhuzNwdURnZ1Cp4XTazr69K0BTizsBroX7Zx3UgDSVcZYKF/6p0CBe4EUb/hLqmzVhl0UpYfgRljQ4yxE+iCxA==",
			"requires": {
				"data-uri-to-buffer": "^4.0.0",
				"fetch-blob": "^3.1.4",
				"formdata-polyfill": "^4.0.10"
			}
		},
		"nodesu": {
			"version": "0.7.3",
			"resolved": "https://registry.npmjs.org/nodesu/-/nodesu-0.7.3.tgz",
			"integrity": "sha512-RTHkaRyt+alXkzp8TDH1r4dtkp38jeqFyGgFBCT6uSqcGIOUdh7EqghwN1PrcGVqTjPPjWUCnqoNay+JOMw3bg==",
			"requires": {
				"limiter": "^1.1.0"
			}
		},
		"rate-limiter-flexible": {
			"version": "2.4.1",
			"resolved": "https://registry.npmjs.org/rate-limiter-flexible/-/rate-limiter-flexible-2.4.1.tgz",
			"integrity": "sha512-dgH4T44TzKVO9CLArNto62hJOwlWJMLUjVVr/ii0uUzZXEXthDNr7/yefW5z/1vvHAfycc1tnuiYyNJ8CTRB3g=="
		},
		"tmi.js": {
			"version": "1.8.5",
			"resolved": "https://registry.npmjs.org/tmi.js/-/tmi.js-1.8.5.tgz",
			"integrity": "sha512-A9qrydfe1e0VWM9MViVhhxVgvLpnk7pFShVUWePsSTtoi+A1X+Zjdoa7OJd7/YsgHXGj3GkNEvnWop/1WwZuew==",
			"requires": {
				"node-fetch": "^2.6.1",
				"ws": "^8.2.0"
			},
			"dependencies": {
				"node-fetch": {
					"version": "2.6.7",
					"resolved": "https://registry.npmjs.org/node-fetch/-/node-fetch-2.6.7.tgz",
					"integrity": "sha512-ZjMPFEfVx5j+y2yF35Kzx5sF7kDzxuDj6ziH4FFbOp87zKDZNx8yExJIb05OGF4Nlt9IHFIMBkRl41VdvcNdbQ==",
					"requires": {
						"whatwg-url": "^5.0.0"
					}
				}
			}
		},
		"tr46": {
			"version": "0.0.3",
			"resolved": "https://registry.npmjs.org/tr46/-/tr46-0.0.3.tgz",
			"integrity": "sha512-N3WMsuqV66lT30CrXNbEjx4GEwlow3v6rr4mCcv6prnfwhS01rkgyFdjPNBYd9br7LpXV1+Emh01fHnq2Gdgrw=="
		},
		"web-streams-polyfill": {
			"version": "3.2.1",
			"resolved": "https://registry.npmjs.org/web-streams-polyfill/-/web-streams-polyfill-3.2.1.tgz",
			"integrity": "sha512-e0MO3wdXWKrLbL0DgGnUV7WHVuw9OUvL4hjgnPkIeEvESk74gAITi5G606JtZPp39cd8HA9VQzCIvA49LpPN5Q=="
		},
		"webidl-conversions": {
			"version": "3.0.1",
			"resolved": "https://registry.npmjs.org/webidl-conversions/-/webidl-conversions-3.0.1.tgz",
			"integrity": "sha512-2JAn3z8AR6rjK8Sm8orRC0h/bcl/DqL7tRPdGZ4I1CjdF+EaMLmYxBHyXuKL849eucPFhvBoxMsflfOb8kxaeQ=="
		},
		"whatwg-url": {
			"version": "5.0.0",
			"resolved": "https://registry.npmjs.org/whatwg-url/-/whatwg-url-5.0.0.tgz",
			"integrity": "sha512-saE57nupxk6v3HY35+jzBwYa0rKSy0XR8JSxZPwgLr7ys0IBzhGviA1/TUGJLmSVqs8pb9AnvICXEuOHLprYTw==",
			"requires": {
				"tr46": "~0.0.3",
				"webidl-conversions": "^3.0.0"
			}
		},
		"ws": {
			"version": "8.11.0",
			"resolved": "https://registry.npmjs.org/ws/-/ws-8.11.0.tgz",
			"integrity": "sha512-HPG3wQd9sNQoT9xHyNCXoDUa+Xw/VevmY9FoHyQ+g+rrMn4j6FB4np7Z0OhdTgjx6MgQLK7jwSy1YecU1+4Asg==",
			"requires": {}
		}
	}
}
